// !$*UTF8*$!
{
	archiveVersion = 1;
	classes = {
	};
	objectVersion = 52;
	objects = {

/* Begin PBXBuildFile section */
		9FA4FF1A2597BEED00AF2FD8 /* AppDelegate.swift in Sources */ = {isa = PBXBuildFile; fileRef = 9FA4FF192597BEED00AF2FD8 /* AppDelegate.swift */; };
		9FA4FF1C2597BEED00AF2FD8 /* SceneDelegate.swift in Sources */ = {isa = PBXBuildFile; fileRef = 9FA4FF1B2597BEED00AF2FD8 /* SceneDelegate.swift */; };
		9FA4FF1E2597BEED00AF2FD8 /* MainViewController.swift in Sources */ = {isa = PBXBuildFile; fileRef = 9FA4FF1D2597BEED00AF2FD8 /* MainViewController.swift */; };
		9FA4FF212597BEED00AF2FD8 /* Main.storyboard in Resources */ = {isa = PBXBuildFile; fileRef = 9FA4FF1F2597BEED00AF2FD8 /* Main.storyboard */; };
		9FA4FF232597BEEF00AF2FD8 /* Assets.xcassets in Resources */ = {isa = PBXBuildFile; fileRef = 9FA4FF222597BEEF00AF2FD8 /* Assets.xcassets */; };
		9FA4FF262597BEEF00AF2FD8 /* LaunchScreen.storyboard in Resources */ = {isa = PBXBuildFile; fileRef = 9FA4FF242597BEEF00AF2FD8 /* LaunchScreen.storyboard */; };
		9FA4FF302597C00100AF2FD8 /* Realm in Frameworks */ = {isa = PBXBuildFile; productRef = 9FA4FF2F2597C00100AF2FD8 /* Realm */; };
		9FA4FF322597C00100AF2FD8 /* RealmSwift in Frameworks */ = {isa = PBXBuildFile; productRef = 9FA4FF312597C00100AF2FD8 /* RealmSwift */; };
		9FA4FF3E2597C59400AF2FD8 /* Model.swift in Sources */ = {isa = PBXBuildFile; fileRef = 9FA4FF3D2597C59400AF2FD8 /* Model.swift */; };
		9FA4FF462597CB8C00AF2FD8 /* MainViewController.xib in Resources */ = {isa = PBXBuildFile; fileRef = 9FA4FF452597CB8C00AF2FD8 /* MainViewController.xib */; };
		9FA4FF492597CC8D00AF2FD8 /* Builder.swift in Sources */ = {isa = PBXBuildFile; fileRef = 9FA4FF482597CC8D00AF2FD8 /* Builder.swift */; };
		9FA4FF4D2597CE4F00AF2FD8 /* AddedViewController.swift in Sources */ = {isa = PBXBuildFile; fileRef = 9FA4FF4C2597CE4F00AF2FD8 /* AddedViewController.swift */; };
		9FA4FF512597CE5A00AF2FD8 /* AddedViewController.xib in Resources */ = {isa = PBXBuildFile; fileRef = 9FA4FF502597CE5A00AF2FD8 /* AddedViewController.xib */; };
		9FA4FF552597EACE00AF2FD8 /* TableViewDelegate.swift in Sources */ = {isa = PBXBuildFile; fileRef = 9FA4FF542597EACE00AF2FD8 /* TableViewDelegate.swift */; };
/* End PBXBuildFile section */

/* Begin PBXFileReference section */
		9FA4FF162597BEED00AF2FD8 /* RealmToDo.app */ = {isa = PBXFileReference; explicitFileType = wrapper.application; includeInIndex = 0; path = RealmToDo.app; sourceTree = BUILT_PRODUCTS_DIR; };
		9FA4FF192597BEED00AF2FD8 /* AppDelegate.swift */ = {isa = PBXFileReference; lastKnownFileType = sourcecode.swift; path = AppDelegate.swift; sourceTree = "<group>"; };
		9FA4FF1B2597BEED00AF2FD8 /* SceneDelegate.swift */ = {isa = PBXFileReference; lastKnownFileType = sourcecode.swift; path = SceneDelegate.swift; sourceTree = "<group>"; };
		9FA4FF1D2597BEED00AF2FD8 /* MainViewController.swift */ = {isa = PBXFileReference; lastKnownFileType = sourcecode.swift; path = MainViewController.swift; sourceTree = "<group>"; };
		9FA4FF202597BEED00AF2FD8 /* Base */ = {isa = PBXFileReference; lastKnownFileType = file.storyboard; name = Base; path = Base.lproj/Main.storyboard; sourceTree = "<group>"; };
		9FA4FF222597BEEF00AF2FD8 /* Assets.xcassets */ = {isa = PBXFileReference; lastKnownFileType = folder.assetcatalog; path = Assets.xcassets; sourceTree = "<group>"; };
		9FA4FF252597BEEF00AF2FD8 /* Base */ = {isa = PBXFileReference; lastKnownFileType = file.storyboard; name = Base; path = Base.lproj/LaunchScreen.storyboard; sourceTree = "<group>"; };
		9FA4FF272597BEEF00AF2FD8 /* Info.plist */ = {isa = PBXFileReference; lastKnownFileType = text.plist.xml; path = Info.plist; sourceTree = "<group>"; };
		9FA4FF3D2597C59400AF2FD8 /* Model.swift */ = {isa = PBXFileReference; lastKnownFileType = sourcecode.swift; path = Model.swift; sourceTree = "<group>"; };
		9FA4FF452597CB8C00AF2FD8 /* MainViewController.xib */ = {isa = PBXFileReference; lastKnownFileType = file.xib; path = MainViewController.xib; sourceTree = "<group>"; };
		9FA4FF482597CC8D00AF2FD8 /* Builder.swift */ = {isa = PBXFileReference; lastKnownFileType = sourcecode.swift; path = Builder.swift; sourceTree = "<group>"; };
		9FA4FF4C2597CE4F00AF2FD8 /* AddedViewController.swift */ = {isa = PBXFileReference; lastKnownFileType = sourcecode.swift; path = AddedViewController.swift; sourceTree = "<group>"; };
		9FA4FF502597CE5A00AF2FD8 /* AddedViewController.xib */ = {isa = PBXFileReference; lastKnownFileType = file.xib; path = AddedViewController.xib; sourceTree = "<group>"; };
		9FA4FF542597EACE00AF2FD8 /* TableViewDelegate.swift */ = {isa = PBXFileReference; lastKnownFileType = sourcecode.swift; path = TableViewDelegate.swift; sourceTree = "<group>"; };
/* End PBXFileReference section */

/* Begin PBXFrameworksBuildPhase section */
		9FA4FF132597BEED00AF2FD8 /* Frameworks */ = {
			isa = PBXFrameworksBuildPhase;
			buildActionMask = 2147483647;
			files = (
				9FA4FF322597C00100AF2FD8 /* RealmSwift in Frameworks */,
				9FA4FF302597C00100AF2FD8 /* Realm in Frameworks */,
			);
			runOnlyForDeploymentPostprocessing = 0;
		};
/* End PBXFrameworksBuildPhase section */

/* Begin PBXGroup section */
		9FA4FF0D2597BEED00AF2FD8 = {
			isa = PBXGroup;
			children = (
				9FA4FF182597BEED00AF2FD8 /* RealmToDo */,
				9FA4FF172597BEED00AF2FD8 /* Products */,
			);
			sourceTree = "<group>";
		};
		9FA4FF172597BEED00AF2FD8 /* Products */ = {
			isa = PBXGroup;
			children = (
				9FA4FF162597BEED00AF2FD8 /* RealmToDo.app */,
			);
			name = Products;
			sourceTree = "<group>";
		};
		9FA4FF182597BEED00AF2FD8 /* RealmToDo */ = {
			isa = PBXGroup;
			children = (
				9FA4FF342597C09400AF2FD8 /* AppFiles */,
				9FA4FF352597C0A500AF2FD8 /* Modules */,
				9FA4FF482597CC8D00AF2FD8 /* Builder.swift */,
			);
			path = RealmToDo;
			sourceTree = "<group>";
		};
		9FA4FF342597C09400AF2FD8 /* AppFiles */ = {
			isa = PBXGroup;
			children = (
				9FA4FF372597C0B400AF2FD8 /* Storyboard */,
				9FA4FF192597BEED00AF2FD8 /* AppDelegate.swift */,
				9FA4FF1B2597BEED00AF2FD8 /* SceneDelegate.swift */,
				9FA4FF272597BEEF00AF2FD8 /* Info.plist */,
				9FA4FF242597BEEF00AF2FD8 /* LaunchScreen.storyboard */,
				9FA4FF222597BEEF00AF2FD8 /* Assets.xcassets */,
			);
			path = AppFiles;
			sourceTree = "<group>";
		};
		9FA4FF352597C0A500AF2FD8 /* Modules */ = {
			isa = PBXGroup;
			children = (
				9FA4FF4B2597CE3D00AF2FD8 /* AddedModule */,
				9FA4FF3B2597C58A00AF2FD8 /* Model */,
				9FA4FF382597C0D000AF2FD8 /* MainModuel */,
			);
			path = Modules;
			sourceTree = "<group>";
		};
		9FA4FF372597C0B400AF2FD8 /* Storyboard */ = {
			isa = PBXGroup;
			children = (
				9FA4FF1F2597BEED00AF2FD8 /* Main.storyboard */,
			);
			path = Storyboard;
			sourceTree = "<group>";
		};
		9FA4FF382597C0D000AF2FD8 /* MainModuel */ = {
			isa = PBXGroup;
			children = (
				9FA4FF532597EABD00AF2FD8 /* Extension */,
				9FA4FF1D2597BEED00AF2FD8 /* MainViewController.swift */,
				9FA4FF452597CB8C00AF2FD8 /* MainViewController.xib */,
			);
			path = MainModuel;
			sourceTree = "<group>";
		};
		9FA4FF3B2597C58A00AF2FD8 /* Model */ = {
			isa = PBXGroup;
			children = (
				9FA4FF3D2597C59400AF2FD8 /* Model.swift */,
			);
			path = Model;
			sourceTree = "<group>";
		};
		9FA4FF4B2597CE3D00AF2FD8 /* AddedModule */ = {
			isa = PBXGroup;
			children = (
				9FA4FF4C2597CE4F00AF2FD8 /* AddedViewController.swift */,
				9FA4FF502597CE5A00AF2FD8 /* AddedViewController.xib */,
			);
			path = AddedModule;
			sourceTree = "<group>";
		};
		9FA4FF532597EABD00AF2FD8 /* Extension */ = {
			isa = PBXGroup;
			children = (
				9FA4FF542597EACE00AF2FD8 /* TableViewDelegate.swift */,
			);
			path = Extension;
			sourceTree = "<group>";
		};
/* End PBXGroup section */

/* Begin PBXNativeTarget section */
		9FA4FF152597BEED00AF2FD8 /* RealmToDo */ = {
			isa = PBXNativeTarget;
			buildConfigurationList = 9FA4FF2A2597BEEF00AF2FD8 /* Build configuration list for PBXNativeTarget "RealmToDo" */;
			buildPhases = (
				9FA4FF122597BEED00AF2FD8 /* Sources */,
				9FA4FF132597BEED00AF2FD8 /* Frameworks */,
				9FA4FF142597BEED00AF2FD8 /* Resources */,
			);
			buildRules = (
			);
			dependencies = (
			);
			name = RealmToDo;
			packageProductDependencies = (
				9FA4FF2F2597C00100AF2FD8 /* Realm */,
				9FA4FF312597C00100AF2FD8 /* RealmSwift */,
			);
			productName = RealmToDo;
			productReference = 9FA4FF162597BEED00AF2FD8 /* RealmToDo.app */;
			productType = "com.apple.product-type.application";
		};
/* End PBXNativeTarget section */

/* Begin PBXProject section */
		9FA4FF0E2597BEED00AF2FD8 /* Project object */ = {
			isa = PBXProject;
			attributes = {
				LastSwiftUpdateCheck = 1220;
				LastUpgradeCheck = 1220;
				TargetAttributes = {
					9FA4FF152597BEED00AF2FD8 = {
						CreatedOnToolsVersion = 12.2;
					};
				};
			};
			buildConfigurationList = 9FA4FF112597BEED00AF2FD8 /* Build configuration list for PBXProject "RealmToDo" */;
			compatibilityVersion = "Xcode 9.3";
			developmentRegion = en;
			hasScannedForEncodings = 0;
			knownRegions = (
				en,
				Base,
			);
			mainGroup = 9FA4FF0D2597BEED00AF2FD8;
			packageReferences = (
				9FA4FF2E2597C00100AF2FD8 /* XCRemoteSwiftPackageReference "realm-cocoa" */,
			);
			productRefGroup = 9FA4FF172597BEED00AF2FD8 /* Products */;
			projectDirPath = "";
			projectRoot = "";
			targets = (
				9FA4FF152597BEED00AF2FD8 /* RealmToDo */,
			);
		};
/* End PBXProject section */

/* Begin PBXResourcesBuildPhase section */
		9FA4FF142597BEED00AF2FD8 /* Resources */ = {
			isa = PBXResourcesBuildPhase;
			buildActionMask = 2147483647;
			files = (
				9FA4FF262597BEEF00AF2FD8 /* LaunchScreen.storyboard in Resources */,
				9FA4FF232597BEEF00AF2FD8 /* Assets.xcassets in Resources */,
				9FA4FF212597BEED00AF2FD8 /* Main.storyboard in Resources */,
				9FA4FF462597CB8C00AF2FD8 /* MainViewController.xib in Resources */,
				9FA4FF512597CE5A00AF2FD8 /* AddedViewController.xib in Resources */,
			);
			runOnlyForDeploymentPostprocessing = 0;
		};
/* End PBXResourcesBuildPhase section */

/* Begin PBXSourcesBuildPhase section */
		9FA4FF122597BEED00AF2FD8 /* Sources */ = {
			isa = PBXSourcesBuildPhase;
			buildActionMask = 2147483647;
			files = (
				9FA4FF552597EACE00AF2FD8 /* TableViewDelegate.swift in Sources */,
				9FA4FF3E2597C59400AF2FD8 /* Model.swift in Sources */,
				9FA4FF1E2597BEED00AF2FD8 /* MainViewController.swift in Sources */,
				9FA4FF1A2597BEED00AF2FD8 /* AppDelegate.swift in Sources */,
				9FA4FF1C2597BEED00AF2FD8 /* SceneDelegate.swift in Sources */,
				9FA4FF492597CC8D00AF2FD8 /* Builder.swift in Sources */,
				9FA4FF4D2597CE4F00AF2FD8 /* AddedViewController.swift in Sources */,
			);
			runOnlyForDeploymentPostprocessing = 0;
		};
/* End PBXSourcesBuildPhase section */

/* Begin PBXVariantGroup section */
		9FA4FF1F2597BEED00AF2FD8 /* Main.storyboard */ = {
			isa = PBXVariantGroup;
			children = (
				9FA4FF202597BEED00AF2FD8 /* Base */,
			);
			name = Main.storyboard;
			sourceTree = "<group>";
		};
		9FA4FF242597BEEF00AF2FD8 /* LaunchScreen.storyboard */ = {
			isa = PBXVariantGroup;
			children = (
				9FA4FF252597BEEF00AF2FD8 /* Base */,
			);
			name = LaunchScreen.storyboard;
			sourceTree = "<group>";
		};
/* End PBXVariantGroup section */

/* Begin XCBuildConfiguration section */
		9FA4FF282597BEEF00AF2FD8 /* Debug */ = {
			isa = XCBuildConfiguration;
			buildSettings = {
				ALWAYS_SEARCH_USER_PATHS = NO;
				CLANG_ANALYZER_NONNULL = YES;
				CLANG_ANALYZER_NUMBER_OBJECT_CONVERSION = YES_AGGRESSIVE;
				CLANG_CXX_LANGUAGE_STANDARD = "gnu++14";
				CLANG_CXX_LIBRARY = "libc++";
				CLANG_ENABLE_MODULES = YES;
				CLANG_ENABLE_OBJC_ARC = YES;
				CLANG_ENABLE_OBJC_WEAK = YES;
				CLANG_WARN_BLOCK_CAPTURE_AUTORELEASING = YES;
				CLANG_WARN_BOOL_CONVERSION = YES;
				CLANG_WARN_COMMA = YES;
				CLANG_WARN_CONSTANT_CONVERSION = YES;
				CLANG_WARN_DEPRECATED_OBJC_IMPLEMENTATIONS = YES;
				CLANG_WARN_DIRECT_OBJC_ISA_USAGE = YES_ERROR;
				CLANG_WARN_DOCUMENTATION_COMMENTS = YES;
				CLANG_WARN_EMPTY_BODY = YES;
				CLANG_WARN_ENUM_CONVERSION = YES;
				CLANG_WARN_INFINITE_RECURSION = YES;
				CLANG_WARN_INT_CONVERSION = YES;
				CLANG_WARN_NON_LITERAL_NULL_CONVERSION = YES;
				CLANG_WARN_OBJC_IMPLICIT_RETAIN_SELF = YES;
				CLANG_WARN_OBJC_LITERAL_CONVERSION = YES;
				CLANG_WARN_OBJC_ROOT_CLASS = YES_ERROR;
				CLANG_WARN_QUOTED_INCLUDE_IN_FRAMEWORK_HEADER = YES;
				CLANG_WARN_RANGE_LOOP_ANALYSIS = YES;
				CLANG_WARN_STRICT_PROTOTYPES = YES;
				CLANG_WARN_SUSPICIOUS_MOVE = YES;
				CLANG_WARN_UNGUARDED_AVAILABILITY = YES_AGGRESSIVE;
				CLANG_WARN_UNREACHABLE_CODE = YES;
				CLANG_WARN__DUPLICATE_METHOD_MATCH = YES;
				COPY_PHASE_STRIP = NO;
				DEBUG_INFORMATION_FORMAT = dwarf;
				ENABLE_STRICT_OBJC_MSGSEND = YES;
				ENABLE_TESTABILITY = YES;
				GCC_C_LANGUAGE_STANDARD = gnu11;
				GCC_DYNAMIC_NO_PIC = NO;
				GCC_NO_COMMON_BLOCKS = YES;
				GCC_OPTIMIZATION_LEVEL = 0;
				GCC_PREPROCESSOR_DEFINITIONS = (
					"DEBUG=1",
					"$(inherited)",
				);
				GCC_WARN_64_TO_32_BIT_CONVERSION = YES;
				GCC_WARN_ABOUT_RETURN_TYPE = YES_ERROR;
				GCC_WARN_UNDECLARED_SELECTOR = YES;
				GCC_WARN_UNINITIALIZED_AUTOS = YES_AGGRESSIVE;
				GCC_WARN_UNUSED_FUNCTION = YES;
				GCC_WARN_UNUSED_VARIABLE = YES;
				IPHONEOS_DEPLOYMENT_TARGET = 14.2;
				MTL_ENABLE_DEBUG_INFO = INCLUDE_SOURCE;
				MTL_FAST_MATH = YES;
				ONLY_ACTIVE_ARCH = YES;
				SDKROOT = iphoneos;
				SWIFT_ACTIVE_COMPILATION_CONDITIONS = DEBUG;
				SWIFT_OPTIMIZATION_LEVEL = "-Onone";
			};
			name = Debug;
		};
		9FA4FF292597BEEF00AF2FD8 /* Release */ = {
			isa = XCBuildConfiguration;
			buildSettings = {
				ALWAYS_SEARCH_USER_PATHS = NO;
				CLANG_ANALYZER_NONNULL = YES;
				CLANG_ANALYZER_NUMBER_OBJECT_CONVERSION = YES_AGGRESSIVE;
				CLANG_CXX_LANGUAGE_STANDARD = "gnu++14";
				CLANG_CXX_LIBRARY = "libc++";
				CLANG_ENABLE_MODULES = YES;
				CLANG_ENABLE_OBJC_ARC = YES;
				CLANG_ENABLE_OBJC_WEAK = YES;
				CLANG_WARN_BLOCK_CAPTURE_AUTORELEASING = YES;
				CLANG_WARN_BOOL_CONVERSION = YES;
				CLANG_WARN_COMMA = YES;
				CLANG_WARN_CONSTANT_CONVERSION = YES;
				CLANG_WARN_DEPRECATED_OBJC_IMPLEMENTATIONS = YES;
				CLANG_WARN_DIRECT_OBJC_ISA_USAGE = YES_ERROR;
				CLANG_WARN_DOCUMENTATION_COMMENTS = YES;
				CLANG_WARN_EMPTY_BODY = YES;
				CLANG_WARN_ENUM_CONVERSION = YES;
				CLANG_WARN_INFINITE_RECURSION = YES;
				CLANG_WARN_INT_CONVERSION = YES;
				CLANG_WARN_NON_LITERAL_NULL_CONVERSION = YES;
				CLANG_WARN_OBJC_IMPLICIT_RETAIN_SELF = YES;
				CLANG_WARN_OBJC_LITERAL_CONVERSION = YES;
				CLANG_WARN_OBJC_ROOT_CLASS = YES_ERROR;
				CLANG_WARN_QUOTED_INCLUDE_IN_FRAMEWORK_HEADER = YES;
				CLANG_WARN_RANGE_LOOP_ANALYSIS = YES;
				CLANG_WARN_STRICT_PROTOTYPES = YES;
				CLANG_WARN_SUSPICIOUS_MOVE = YES;
				CLANG_WARN_UNGUARDED_AVAILABILITY = YES_AGGRESSIVE;
				CLANG_WARN_UNREACHABLE_CODE = YES;
				CLANG_WARN__DUPLICATE_METHOD_MATCH = YES;
				COPY_PHASE_STRIP = NO;
				DEBUG_INFORMATION_FORMAT = "dwarf-with-dsym";
				ENABLE_NS_ASSERTIONS = NO;
				ENABLE_STRICT_OBJC_MSGSEND = YES;
				GCC_C_LANGUAGE_STANDARD = gnu11;
				GCC_NO_COMMON_BLOCKS = YES;
				GCC_WARN_64_TO_32_BIT_CONVERSION = YES;
				GCC_WARN_ABOUT_RETURN_TYPE = YES_ERROR;
				GCC_WARN_UNDECLARED_SELECTOR = YES;
				GCC_WARN_UNINITIALIZED_AUTOS = YES_AGGRESSIVE;
				GCC_WARN_UNUSED_FUNCTION = YES;
				GCC_WARN_UNUSED_VARIABLE = YES;
				IPHONEOS_DEPLOYMENT_TARGET = 14.2;
				MTL_ENABLE_DEBUG_INFO = NO;
				MTL_FAST_MATH = YES;
				SDKROOT = iphoneos;
				SWIFT_COMPILATION_MODE = wholemodule;
				SWIFT_OPTIMIZATION_LEVEL = "-O";
				VALIDATE_PRODUCT = YES;
			};
			name = Release;
		};
		9FA4FF2B2597BEEF00AF2FD8 /* Debug */ = {
			isa = XCBuildConfiguration;
			buildSettings = {
				ASSETCATALOG_COMPILER_APPICON_NAME = AppIcon;
				ASSETCATALOG_COMPILER_GLOBAL_ACCENT_COLOR_NAME = AccentColor;
				CODE_SIGN_STYLE = Automatic;
				DEVELOPMENT_TEAM = W64W8UKVB6;
				INFOPLIST_FILE = RealmToDo/AppFiles/Info.plist;
				LD_RUNPATH_SEARCH_PATHS = (
					"$(inherited)",
					"@executable_path/Frameworks",
				);
				PRODUCT_BUNDLE_IDENTIFIER = sashaputsikovich.RealmToDo;
				PRODUCT_NAME = "$(TARGET_NAME)";
				SWIFT_VERSION = 5.0;
				TARGETED_DEVICE_FAMILY = "1,2";
			};
			name = Debug;
		};
		9FA4FF2C2597BEEF00AF2FD8 /* Release */ = {
			isa = XCBuildConfiguration;
			buildSettings = {
				ASSETCATALOG_COMPILER_APPICON_NAME = AppIcon;
				ASSETCATALOG_COMPILER_GLOBAL_ACCENT_COLOR_NAME = AccentColor;
				CODE_SIGN_STYLE = Automatic;
				DEVELOPMENT_TEAM = W64W8UKVB6;
				INFOPLIST_FILE = RealmToDo/AppFiles/Info.plist;
				LD_RUNPATH_SEARCH_PATHS = (
					"$(inherited)",
					"@executable_path/Frameworks",
				);
				PRODUCT_BUNDLE_IDENTIFIER = sashaputsikovich.RealmToDo;
				PRODUCT_NAME = "$(TARGET_NAME)";
				SWIFT_VERSION = 5.0;
				TARGETED_DEVICE_FAMILY = "1,2";
			};
			name = Release;
		};
/* End XCBuildConfiguration section */

/* Begin XCConfigurationList section */
		9FA4FF112597BEED00AF2FD8 /* Build configuration list for PBXProject "RealmToDo" */ = {
			isa = XCConfigurationList;
			buildConfigurations = (
				9FA4FF282597BEEF00AF2FD8 /* Debug */,
				9FA4FF292597BEEF00AF2FD8 /* Release */,
			);
			defaultConfigurationIsVisible = 0;
			defaultConfigurationName = Release;
		};
		9FA4FF2A2597BEEF00AF2FD8 /* Build configuration list for PBXNativeTarget "RealmToDo" */ = {
			isa = XCConfigurationList;
			buildConfigurations = (
				9FA4FF2B2597BEEF00AF2FD8 /* Debug */,
				9FA4FF2C2597BEEF00AF2FD8 /* Release */,
			);
			defaultConfigurationIsVisible = 0;
			defaultConfigurationName = Release;
		};
/* End XCConfigurationList section */

/* Begin XCRemoteSwiftPackageReference section */
		9FA4FF2E2597C00100AF2FD8 /* XCRemoteSwiftPackageReference "realm-cocoa" */ = {
			isa = XCRemoteSwiftPackageReference;
			repositoryURL = "https://github.com/realm/realm-cocoa";
			requirement = {
				kind = upToNextMajorVersion;
				minimumVersion = 10.5.0;
			};
		};
/* End XCRemoteSwiftPackageReference section */

/* Begin XCSwiftPackageProductDependency section */
		9FA4FF2F2597C00100AF2FD8 /* Realm */ = {
			isa = XCSwiftPackageProductDependency;
			package = 9FA4FF2E2597C00100AF2FD8 /* XCRemoteSwiftPackageReference "realm-cocoa" */;
			productName = Realm;
		};
		9FA4FF312597C00100AF2FD8 /* RealmSwift */ = {
			isa = XCSwiftPackageProductDependency;
			package = 9FA4FF2E2597C00100AF2FD8 /* XCRemoteSwiftPackageReference "realm-cocoa" */;
			productName = RealmSwift;
		};
/* End XCSwiftPackageProductDependency section */
	};
	rootObject = 9FA4FF0E2597BEED00AF2FD8 /* Project object */;
}
